
Microsoft Visual Studio Solution File, Format Version 12.00
# Visual Studio Version 17
VisualStudioVersion = 17.0.31903.59
MinimumVisualStudioVersion = 10.0.40219.1
Project("{FAE04EC0-301F-11D3-BF4B-00C04F79EFBC}") = "Domain", "src\Domain\Domain.csproj", "{4B59701F-4828-4E0B-965C-75FD112CC065}"
EndProject
Project("{FAE04EC0-301F-11D3-BF4B-00C04F79EFBC}") = "Domain.Tests", "tests\Domain.Tests\Domain.Tests.csproj", "{667F62D2-EE7E-4800-A66C-A92DA5A03D18}"
EndProject
Project("{2150E333-8FDC-42A3-9474-1A3956D46DE8}") = "src", "src", "{8ED75AFF-4BBE-48CC-B98D-ED4896BB8740}"
EndProject
Project("{FAE04EC0-301F-11D3-BF4B-00C04F79EFBC}") = "Application", "src\Application\Application.csproj", "{BA38ED3E-A87C-43D1-A795-22E655673C40}"
EndProject
Project("{2150E333-8FDC-42A3-9474-1A3956D46DE8}") = "tests", "tests", "{7E543F30-157B-47E4-94CB-E4DF1248E27F}"
EndProject
Project("{FAE04EC0-301F-11D3-BF4B-00C04F79EFBC}") = "Application.Tests", "tests\Application.Tests\Application.Tests.csproj", "{B47A1606-3BC6-44F0-8AB8-FFE5249B3938}"
EndProject
Project("{FAE04EC0-301F-11D3-BF4B-00C04F79EFBC}") = "Infrastructure", "src\Infrastructure\Infrastructure.csproj", "{5C86C9FE-D69E-4160-931B-5EB474B8593C}"
EndProject
Project("{FAE04EC0-301F-11D3-BF4B-00C04F79EFBC}") = "API", "src\API\API.csproj", "{131D5057-4F03-4D82-84C8-94EE58DDD4DD}"
EndProject
Project("{FAE04EC0-301F-11D3-BF4B-00C04F79EFBC}") = "Persistence", "src\Persistence\Persistence.csproj", "{AC3EFAD8-022F-4E5C-B4F5-E8FCDD142849}"
EndProject
Global
	GlobalSection(SolutionConfigurationPlatforms) = preSolution
		Debug|Any CPU = Debug|Any CPU
		Debug|x64 = Debug|x64
		Debug|x86 = Debug|x86
		Release|Any CPU = Release|Any CPU
		Release|x64 = Release|x64
		Release|x86 = Release|x86
	EndGlobalSection
	GlobalSection(ProjectConfigurationPlatforms) = postSolution
		{4B59701F-4828-4E0B-965C-75FD112CC065}.Debug|Any CPU.ActiveCfg = Debug|Any CPU
		{4B59701F-4828-4E0B-965C-75FD112CC065}.Debug|Any CPU.Build.0 = Debug|Any CPU
		{4B59701F-4828-4E0B-965C-75FD112CC065}.Debug|x64.ActiveCfg = Debug|Any CPU
		{4B59701F-4828-4E0B-965C-75FD112CC065}.Debug|x64.Build.0 = Debug|Any CPU
		{4B59701F-4828-4E0B-965C-75FD112CC065}.Debug|x86.ActiveCfg = Debug|Any CPU
		{4B59701F-4828-4E0B-965C-75FD112CC065}.Debug|x86.Build.0 = Debug|Any CPU
		{4B59701F-4828-4E0B-965C-75FD112CC065}.Release|Any CPU.ActiveCfg = Release|Any CPU
		{4B59701F-4828-4E0B-965C-75FD112CC065}.Release|Any CPU.Build.0 = Release|Any CPU
		{4B59701F-4828-4E0B-965C-75FD112CC065}.Release|x64.ActiveCfg = Release|Any CPU
		{4B59701F-4828-4E0B-965C-75FD112CC065}.Release|x64.Build.0 = Release|Any CPU
		{4B59701F-4828-4E0B-965C-75FD112CC065}.Release|x86.ActiveCfg = Release|Any CPU
		{4B59701F-4828-4E0B-965C-75FD112CC065}.Release|x86.Build.0 = Release|Any CPU
		{667F62D2-EE7E-4800-A66C-A92DA5A03D18}.Debug|Any CPU.ActiveCfg = Debug|Any CPU
		{667F62D2-EE7E-4800-A66C-A92DA5A03D18}.Debug|Any CPU.Build.0 = Debug|Any CPU
		{667F62D2-EE7E-4800-A66C-A92DA5A03D18}.Debug|x64.ActiveCfg = Debug|Any CPU
		{667F62D2-EE7E-4800-A66C-A92DA5A03D18}.Debug|x64.Build.0 = Debug|Any CPU
		{667F62D2-EE7E-4800-A66C-A92DA5A03D18}.Debug|x86.ActiveCfg = Debug|Any CPU
		{667F62D2-EE7E-4800-A66C-A92DA5A03D18}.Debug|x86.Build.0 = Debug|Any CPU
		{667F62D2-EE7E-4800-A66C-A92DA5A03D18}.Release|Any CPU.ActiveCfg = Release|Any CPU
		{667F62D2-EE7E-4800-A66C-A92DA5A03D18}.Release|Any CPU.Build.0 = Release|Any CPU
		{667F62D2-EE7E-4800-A66C-A92DA5A03D18}.Release|x64.ActiveCfg = Release|Any CPU
		{667F62D2-EE7E-4800-A66C-A92DA5A03D18}.Release|x64.Build.0 = Release|Any CPU
		{667F62D2-EE7E-4800-A66C-A92DA5A03D18}.Release|x86.ActiveCfg = Release|Any CPU
		{667F62D2-EE7E-4800-A66C-A92DA5A03D18}.Release|x86.Build.0 = Release|Any CPU
		{BA38ED3E-A87C-43D1-A795-22E655673C40}.Debug|Any CPU.ActiveCfg = Debug|Any CPU
		{BA38ED3E-A87C-43D1-A795-22E655673C40}.Debug|Any CPU.Build.0 = Debug|Any CPU
		{BA38ED3E-A87C-43D1-A795-22E655673C40}.Debug|x64.ActiveCfg = Debug|Any CPU
		{BA38ED3E-A87C-43D1-A795-22E655673C40}.Debug|x64.Build.0 = Debug|Any CPU
		{BA38ED3E-A87C-43D1-A795-22E655673C40}.Debug|x86.ActiveCfg = Debug|Any CPU
		{BA38ED3E-A87C-43D1-A795-22E655673C40}.Debug|x86.Build.0 = Debug|Any CPU
		{BA38ED3E-A87C-43D1-A795-22E655673C40}.Release|Any CPU.ActiveCfg = Release|Any CPU
		{BA38ED3E-A87C-43D1-A795-22E655673C40}.Release|Any CPU.Build.0 = Release|Any CPU
		{BA38ED3E-A87C-43D1-A795-22E655673C40}.Release|x64.ActiveCfg = Release|Any CPU
		{BA38ED3E-A87C-43D1-A795-22E655673C40}.Release|x64.Build.0 = Release|Any CPU
		{BA38ED3E-A87C-43D1-A795-22E655673C40}.Release|x86.ActiveCfg = Release|Any CPU
		{BA38ED3E-A87C-43D1-A795-22E655673C40}.Release|x86.Build.0 = Release|Any CPU
		{B47A1606-3BC6-44F0-8AB8-FFE5249B3938}.Debug|Any CPU.ActiveCfg = Debug|Any CPU
		{B47A1606-3BC6-44F0-8AB8-FFE5249B3938}.Debug|Any CPU.Build.0 = Debug|Any CPU
		{B47A1606-3BC6-44F0-8AB8-FFE5249B3938}.Debug|x64.ActiveCfg = Debug|Any CPU
		{B47A1606-3BC6-44F0-8AB8-FFE5249B3938}.Debug|x64.Build.0 = Debug|Any CPU
		{B47A1606-3BC6-44F0-8AB8-FFE5249B3938}.Debug|x86.ActiveCfg = Debug|Any CPU
		{B47A1606-3BC6-44F0-8AB8-FFE5249B3938}.Debug|x86.Build.0 = Debug|Any CPU
		{B47A1606-3BC6-44F0-8AB8-FFE5249B3938}.Release|Any CPU.ActiveCfg = Release|Any CPU
		{B47A1606-3BC6-44F0-8AB8-FFE5249B3938}.Release|Any CPU.Build.0 = Release|Any CPU
		{B47A1606-3BC6-44F0-8AB8-FFE5249B3938}.Release|x64.ActiveCfg = Release|Any CPU
		{B47A1606-3BC6-44F0-8AB8-FFE5249B3938}.Release|x64.Build.0 = Release|Any CPU
		{B47A1606-3BC6-44F0-8AB8-FFE5249B3938}.Release|x86.ActiveCfg = Release|Any CPU
		{B47A1606-3BC6-44F0-8AB8-FFE5249B3938}.Release|x86.Build.0 = Release|Any CPU
		{5C86C9FE-D69E-4160-931B-5EB474B8593C}.Debug|Any CPU.ActiveCfg = Debug|Any CPU
		{5C86C9FE-D69E-4160-931B-5EB474B8593C}.Debug|Any CPU.Build.0 = Debug|Any CPU
		{5C86C9FE-D69E-4160-931B-5EB474B8593C}.Debug|x64.ActiveCfg = Debug|Any CPU
		{5C86C9FE-D69E-4160-931B-5EB474B8593C}.Debug|x64.Build.0 = Debug|Any CPU
		{5C86C9FE-D69E-4160-931B-5EB474B8593C}.Debug|x86.ActiveCfg = Debug|Any CPU
		{5C86C9FE-D69E-4160-931B-5EB474B8593C}.Debug|x86.Build.0 = Debug|Any CPU
		{5C86C9FE-D69E-4160-931B-5EB474B8593C}.Release|Any CPU.ActiveCfg = Release|Any CPU
		{5C86C9FE-D69E-4160-931B-5EB474B8593C}.Release|Any CPU.Build.0 = Release|Any CPU
		{5C86C9FE-D69E-4160-931B-5EB474B8593C}.Release|x64.ActiveCfg = Release|Any CPU
		{5C86C9FE-D69E-4160-931B-5EB474B8593C}.Release|x64.Build.0 = Release|Any CPU
		{5C86C9FE-D69E-4160-931B-5EB474B8593C}.Release|x86.ActiveCfg = Release|Any CPU
		{5C86C9FE-D69E-4160-931B-5EB474B8593C}.Release|x86.Build.0 = Release|Any CPU
		{131D5057-4F03-4D82-84C8-94EE58DDD4DD}.Debug|Any CPU.ActiveCfg = Debug|Any CPU
		{131D5057-4F03-4D82-84C8-94EE58DDD4DD}.Debug|Any CPU.Build.0 = Debug|Any CPU
		{131D5057-4F03-4D82-84C8-94EE58DDD4DD}.Debug|x64.ActiveCfg = Debug|Any CPU
		{131D5057-4F03-4D82-84C8-94EE58DDD4DD}.Debug|x64.Build.0 = Debug|Any CPU
		{131D5057-4F03-4D82-84C8-94EE58DDD4DD}.Debug|x86.ActiveCfg = Debug|Any CPU
		{131D5057-4F03-4D82-84C8-94EE58DDD4DD}.Debug|x86.Build.0 = Debug|Any CPU
		{131D5057-4F03-4D82-84C8-94EE58DDD4DD}.Release|Any CPU.ActiveCfg = Release|Any CPU
		{131D5057-4F03-4D82-84C8-94EE58DDD4DD}.Release|Any CPU.Build.0 = Release|Any CPU
		{131D5057-4F03-4D82-84C8-94EE58DDD4DD}.Release|x64.ActiveCfg = Release|Any CPU
		{131D5057-4F03-4D82-84C8-94EE58DDD4DD}.Release|x64.Build.0 = Release|Any CPU
		{131D5057-4F03-4D82-84C8-94EE58DDD4DD}.Release|x86.ActiveCfg = Release|Any CPU
		{131D5057-4F03-4D82-84C8-94EE58DDD4DD}.Release|x86.Build.0 = Release|Any CPU
		{AC3EFAD8-022F-4E5C-B4F5-E8FCDD142849}.Debug|Any CPU.ActiveCfg = Debug|Any CPU
		{AC3EFAD8-022F-4E5C-B4F5-E8FCDD142849}.Debug|Any CPU.Build.0 = Debug|Any CPU
		{AC3EFAD8-022F-4E5C-B4F5-E8FCDD142849}.Debug|x64.ActiveCfg = Debug|Any CPU
		{AC3EFAD8-022F-4E5C-B4F5-E8FCDD142849}.Debug|x64.Build.0 = Debug|Any CPU
		{AC3EFAD8-022F-4E5C-B4F5-E8FCDD142849}.Debug|x86.ActiveCfg = Debug|Any CPU
		{AC3EFAD8-022F-4E5C-B4F5-E8FCDD142849}.Debug|x86.Build.0 = Debug|Any CPU
		{AC3EFAD8-022F-4E5C-B4F5-E8FCDD142849}.Release|Any CPU.ActiveCfg = Release|Any CPU
		{AC3EFAD8-022F-4E5C-B4F5-E8FCDD142849}.Release|Any CPU.Build.0 = Release|Any CPU
		{AC3EFAD8-022F-4E5C-B4F5-E8FCDD142849}.Release|x64.ActiveCfg = Release|Any CPU
		{AC3EFAD8-022F-4E5C-B4F5-E8FCDD142849}.Release|x64.Build.0 = Release|Any CPU
		{AC3EFAD8-022F-4E5C-B4F5-E8FCDD142849}.Release|x86.ActiveCfg = Release|Any CPU
		{AC3EFAD8-022F-4E5C-B4F5-E8FCDD142849}.Release|x86.Build.0 = Release|Any CPU
	EndGlobalSection
	GlobalSection(SolutionProperties) = preSolution
		HideSolutionNode = FALSE
	EndGlobalSection
	GlobalSection(NestedProjects) = preSolution
		{BA38ED3E-A87C-43D1-A795-22E655673C40} = {8ED75AFF-4BBE-48CC-B98D-ED4896BB8740}
		{B47A1606-3BC6-44F0-8AB8-FFE5249B3938} = {7E543F30-157B-47E4-94CB-E4DF1248E27F}
		{5C86C9FE-D69E-4160-931B-5EB474B8593C} = {8ED75AFF-4BBE-48CC-B98D-ED4896BB8740}
		{131D5057-4F03-4D82-84C8-94EE58DDD4DD} = {8ED75AFF-4BBE-48CC-B98D-ED4896BB8740}
		{AC3EFAD8-022F-4E5C-B4F5-E8FCDD142849} = {8ED75AFF-4BBE-48CC-B98D-ED4896BB8740}
	EndGlobalSection
EndGlobal
